// !$*UTF8*$!
{
	archiveVersion = 1;
	classes = {
	};
	objectVersion = 55;
	objects = {

/* Begin PBXBuildFile section */
		8807B2B12946C2A100FEC0B3 /* LocalDatabase.swift in Sources */ = {isa = PBXBuildFile; fileRef = 8807B2B02946C2A100FEC0B3 /* LocalDatabase.swift */; };
		8807B2B3294B2BEE00FEC0B3 /* UserInformationTable.swift in Sources */ = {isa = PBXBuildFile; fileRef = 8807B2B2294B2BEE00FEC0B3 /* UserInformationTable.swift */; };
		8807B2BB294C434100FEC0B3 /* ScanningTransmitterViewController.swift in Sources */ = {isa = PBXBuildFile; fileRef = 8807B2B9294C434100FEC0B3 /* ScanningTransmitterViewController.swift */; };
		8807B2BC294C434100FEC0B3 /* ScanningTransmitterViewController.xib in Resources */ = {isa = PBXBuildFile; fileRef = 8807B2BA294C434100FEC0B3 /* ScanningTransmitterViewController.xib */; };
		8876B61C2908702A005296E1 /* RegisterViewController.swift in Sources */ = {isa = PBXBuildFile; fileRef = 8876B61A2908702A005296E1 /* RegisterViewController.swift */; };
		8876B61D2908702A005296E1 /* RegisterViewController.xib in Resources */ = {isa = PBXBuildFile; fileRef = 8876B61B2908702A005296E1 /* RegisterViewController.xib */; };
		8876B6202909020E005296E1 /* Color+Extensions.swift in Sources */ = {isa = PBXBuildFile; fileRef = 8876B61F2909020E005296E1 /* Color+Extensions.swift */; };
		8876B622290A6F91005296E1 /* TextField+Extensions.swift in Sources */ = {isa = PBXBuildFile; fileRef = 8876B621290A6F91005296E1 /* TextField+Extensions.swift */; };
		8876B625292162CF005296E1 /* VerifyViewController.swift in Sources */ = {isa = PBXBuildFile; fileRef = 8876B623292162CF005296E1 /* VerifyViewController.swift */; };
		8876B626292162CF005296E1 /* VerifyViewController.xib in Resources */ = {isa = PBXBuildFile; fileRef = 8876B624292162CF005296E1 /* VerifyViewController.xib */; };
		8876B6282921E155005296E1 /* String+Extensions.swift in Sources */ = {isa = PBXBuildFile; fileRef = 8876B6272921E155005296E1 /* String+Extensions.swift */; };
		8876B62B29256A4F005296E1 /* AgreementViewController.swift in Sources */ = {isa = PBXBuildFile; fileRef = 8876B62929256A4F005296E1 /* AgreementViewController.swift */; };
		8876B62C29256A4F005296E1 /* AgreementViewController.xib in Resources */ = {isa = PBXBuildFile; fileRef = 8876B62A29256A4F005296E1 /* AgreementViewController.xib */; };
		8876B62F292760B9005296E1 /* UserPreference.swift in Sources */ = {isa = PBXBuildFile; fileRef = 8876B62E292760B9005296E1 /* UserPreference.swift */; };
		8876B6322930747C005296E1 /* ForgotPasswordViewController.swift in Sources */ = {isa = PBXBuildFile; fileRef = 8876B6302930747C005296E1 /* ForgotPasswordViewController.swift */; };
		8876B6332930747C005296E1 /* ForgotPasswordViewController.xib in Resources */ = {isa = PBXBuildFile; fileRef = 8876B6312930747C005296E1 /* ForgotPasswordViewController.xib */; };
		8876B636293074B8005296E1 /* ResetPasswordViewController.swift in Sources */ = {isa = PBXBuildFile; fileRef = 8876B634293074B8005296E1 /* ResetPasswordViewController.swift */; };
		8876B637293074B8005296E1 /* ResetPasswordViewController.xib in Resources */ = {isa = PBXBuildFile; fileRef = 8876B635293074B8005296E1 /* ResetPasswordViewController.xib */; };
		8876B6392934AB7D005296E1 /* Alert.swift in Sources */ = {isa = PBXBuildFile; fileRef = 8876B6382934AB7D005296E1 /* Alert.swift */; };
		8876B63B2938B144005296E1 /* ActivityIndicator.swift in Sources */ = {isa = PBXBuildFile; fileRef = 8876B63A2938B143005296E1 /* ActivityIndicator.swift */; };
		8876B63E293A6F19005296E1 /* AudiovisualTeachingViewController.swift in Sources */ = {isa = PBXBuildFile; fileRef = 8876B63C293A6F19005296E1 /* AudiovisualTeachingViewController.swift */; };
		8876B63F293A6F19005296E1 /* AudiovisualTeachingViewController.xib in Resources */ = {isa = PBXBuildFile; fileRef = 8876B63D293A6F19005296E1 /* AudiovisualTeachingViewController.xib */; };
		88C4D23B293D0B4000FB7C67 /* SetUpBloodSugerIndexViewController.swift in Sources */ = {isa = PBXBuildFile; fileRef = 88C4D239293D0B4000FB7C67 /* SetUpBloodSugerIndexViewController.swift */; };
		88C4D23C293D0B4000FB7C67 /* SetUpBloodSugerIndexViewController.xib in Resources */ = {isa = PBXBuildFile; fileRef = 88C4D23A293D0B4000FB7C67 /* SetUpBloodSugerIndexViewController.xib */; };
		88C4D23F293DF08200FB7C67 /* KnowMoreViewController.swift in Sources */ = {isa = PBXBuildFile; fileRef = 88C4D23D293DF08200FB7C67 /* KnowMoreViewController.swift */; };
		88C4D240293DF08200FB7C67 /* KnowMoreViewController.xib in Resources */ = {isa = PBXBuildFile; fileRef = 88C4D23E293DF08200FB7C67 /* KnowMoreViewController.xib */; };
		88CDF74928EEC93C00FE16E1 /* AppDelegate.swift in Sources */ = {isa = PBXBuildFile; fileRef = 88CDF74828EEC93C00FE16E1 /* AppDelegate.swift */; };
		88CDF74B28EEC93C00FE16E1 /* SceneDelegate.swift in Sources */ = {isa = PBXBuildFile; fileRef = 88CDF74A28EEC93C00FE16E1 /* SceneDelegate.swift */; };
		88CDF75228EEC93F00FE16E1 /* Assets.xcassets in Resources */ = {isa = PBXBuildFile; fileRef = 88CDF75128EEC93F00FE16E1 /* Assets.xcassets */; };
		88CDF75528EEC93F00FE16E1 /* LaunchScreen.storyboard in Resources */ = {isa = PBXBuildFile; fileRef = 88CDF75328EEC93F00FE16E1 /* LaunchScreen.storyboard */; };
		88CDF76028EEC93F00FE16E1 /* SeknovaTests.swift in Sources */ = {isa = PBXBuildFile; fileRef = 88CDF75F28EEC93F00FE16E1 /* SeknovaTests.swift */; };
		88CDF76A28EEC93F00FE16E1 /* SeknovaUITests.swift in Sources */ = {isa = PBXBuildFile; fileRef = 88CDF76928EEC93F00FE16E1 /* SeknovaUITests.swift */; };
		88CDF76C28EEC93F00FE16E1 /* SeknovaUITestsLaunchTests.swift in Sources */ = {isa = PBXBuildFile; fileRef = 88CDF76B28EEC93F00FE16E1 /* SeknovaUITestsLaunchTests.swift */; };
		88CDF77D28EEC9EF00FE16E1 /* LoginViewController.swift in Sources */ = {isa = PBXBuildFile; fileRef = 88CDF77B28EEC9EF00FE16E1 /* LoginViewController.swift */; };
		88CDF77E28EEC9EF00FE16E1 /* LoginViewController.xib in Resources */ = {isa = PBXBuildFile; fileRef = 88CDF77C28EEC9EF00FE16E1 /* LoginViewController.xib */; };
		88CDF78028FFF64600FE16E1 /* BaseViewController.swift in Sources */ = {isa = PBXBuildFile; fileRef = 88CDF77F28FFF64600FE16E1 /* BaseViewController.swift */; };
		88D874CB294050290048EB41 /* GetPersonalInformationViewController.swift in Sources */ = {isa = PBXBuildFile; fileRef = 88D874C9294050290048EB41 /* GetPersonalInformationViewController.swift */; };
		88D874CC294050290048EB41 /* GetPersonalInformationViewController.xib in Resources */ = {isa = PBXBuildFile; fileRef = 88D874CA294050290048EB41 /* GetPersonalInformationViewController.xib */; };
		88D874D029405C500048EB41 /* PersonalTextFieldTableViewCell.swift in Sources */ = {isa = PBXBuildFile; fileRef = 88D874CE29405C500048EB41 /* PersonalTextFieldTableViewCell.swift */; };
		88D874D129405C500048EB41 /* PersonalTextFieldTableViewCell.xib in Resources */ = {isa = PBXBuildFile; fileRef = 88D874CF29405C500048EB41 /* PersonalTextFieldTableViewCell.xib */; };
		88D874D429405C780048EB41 /* PersonalActionSheetTableViewCell.swift in Sources */ = {isa = PBXBuildFile; fileRef = 88D874D229405C780048EB41 /* PersonalActionSheetTableViewCell.swift */; };
		88D874D529405C780048EB41 /* PersonalActionSheetTableViewCell.xib in Resources */ = {isa = PBXBuildFile; fileRef = 88D874D329405C780048EB41 /* PersonalActionSheetTableViewCell.xib */; };
		88D874D72940717D0048EB41 /* AppDefine.swift in Sources */ = {isa = PBXBuildFile; fileRef = 88D874D62940717D0048EB41 /* AppDefine.swift */; };
		93ED4E4E068F3ED8D195235E /* Pods_Seknova.framework in Frameworks */ = {isa = PBXBuildFile; fileRef = 99CC119FE50D52484C5EED3B /* Pods_Seknova.framework */; };
		B77DB71097F54A033F4A6F43 /* Pods_Seknova_SeknovaUITests.framework in Frameworks */ = {isa = PBXBuildFile; fileRef = 015CF29A02A209AB89D19F16 /* Pods_Seknova_SeknovaUITests.framework */; };
		DBD659E2F8D7B859B1070887 /* Pods_SeknovaTests.framework in Frameworks */ = {isa = PBXBuildFile; fileRef = B21ECA9B78A9BB57E9BDBC51 /* Pods_SeknovaTests.framework */; };
/* End PBXBuildFile section */

/* Begin PBXContainerItemProxy section */
		88CDF75C28EEC93F00FE16E1 /* PBXContainerItemProxy */ = {
			isa = PBXContainerItemProxy;
			containerPortal = 88CDF73D28EEC93B00FE16E1 /* Project object */;
			proxyType = 1;
			remoteGlobalIDString = 88CDF74428EEC93C00FE16E1;
			remoteInfo = Seknova;
		};
		88CDF76628EEC93F00FE16E1 /* PBXContainerItemProxy */ = {
			isa = PBXContainerItemProxy;
			containerPortal = 88CDF73D28EEC93B00FE16E1 /* Project object */;
			proxyType = 1;
			remoteGlobalIDString = 88CDF74428EEC93C00FE16E1;
			remoteInfo = Seknova;
		};
/* End PBXContainerItemProxy section */

/* Begin PBXFileReference section */
		015CF29A02A209AB89D19F16 /* Pods_Seknova_SeknovaUITests.framework */ = {isa = PBXFileReference; explicitFileType = wrapper.framework; includeInIndex = 0; path = Pods_Seknova_SeknovaUITests.framework; sourceTree = BUILT_PRODUCTS_DIR; };
		38E7BCCE58323C7F6BBBFAE7 /* Pods-Seknova-SeknovaUITests.debug.xcconfig */ = {isa = PBXFileReference; includeInIndex = 1; lastKnownFileType = text.xcconfig; name = "Pods-Seknova-SeknovaUITests.debug.xcconfig"; path = "Target Support Files/Pods-Seknova-SeknovaUITests/Pods-Seknova-SeknovaUITests.debug.xcconfig"; sourceTree = "<group>"; };
		3E8FF62A81115EF10FF9C489 /* Pods-SeknovaTests.debug.xcconfig */ = {isa = PBXFileReference; includeInIndex = 1; lastKnownFileType = text.xcconfig; name = "Pods-SeknovaTests.debug.xcconfig"; path = "Target Support Files/Pods-SeknovaTests/Pods-SeknovaTests.debug.xcconfig"; sourceTree = "<group>"; };
		4480EAAC24CF79B9B851190C /* Pods-SeknovaTests.release.xcconfig */ = {isa = PBXFileReference; includeInIndex = 1; lastKnownFileType = text.xcconfig; name = "Pods-SeknovaTests.release.xcconfig"; path = "Target Support Files/Pods-SeknovaTests/Pods-SeknovaTests.release.xcconfig"; sourceTree = "<group>"; };
		8807B2B02946C2A100FEC0B3 /* LocalDatabase.swift */ = {isa = PBXFileReference; lastKnownFileType = sourcecode.swift; path = LocalDatabase.swift; sourceTree = "<group>"; };
		8807B2B2294B2BEE00FEC0B3 /* UserInformationTable.swift */ = {isa = PBXFileReference; lastKnownFileType = sourcecode.swift; path = UserInformationTable.swift; sourceTree = "<group>"; };
		8807B2B9294C434100FEC0B3 /* ScanningTransmitterViewController.swift */ = {isa = PBXFileReference; lastKnownFileType = sourcecode.swift; path = ScanningTransmitterViewController.swift; sourceTree = "<group>"; };
		8807B2BA294C434100FEC0B3 /* ScanningTransmitterViewController.xib */ = {isa = PBXFileReference; lastKnownFileType = file.xib; path = ScanningTransmitterViewController.xib; sourceTree = "<group>"; };
		8876B61A2908702A005296E1 /* RegisterViewController.swift */ = {isa = PBXFileReference; lastKnownFileType = sourcecode.swift; path = RegisterViewController.swift; sourceTree = "<group>"; };
		8876B61B2908702A005296E1 /* RegisterViewController.xib */ = {isa = PBXFileReference; lastKnownFileType = file.xib; path = RegisterViewController.xib; sourceTree = "<group>"; };
		8876B61F2909020E005296E1 /* Color+Extensions.swift */ = {isa = PBXFileReference; lastKnownFileType = sourcecode.swift; path = "Color+Extensions.swift"; sourceTree = "<group>"; };
		8876B621290A6F91005296E1 /* TextField+Extensions.swift */ = {isa = PBXFileReference; lastKnownFileType = sourcecode.swift; path = "TextField+Extensions.swift"; sourceTree = "<group>"; };
		8876B623292162CF005296E1 /* VerifyViewController.swift */ = {isa = PBXFileReference; lastKnownFileType = sourcecode.swift; path = VerifyViewController.swift; sourceTree = "<group>"; };
		8876B624292162CF005296E1 /* VerifyViewController.xib */ = {isa = PBXFileReference; lastKnownFileType = file.xib; path = VerifyViewController.xib; sourceTree = "<group>"; };
		8876B6272921E155005296E1 /* String+Extensions.swift */ = {isa = PBXFileReference; lastKnownFileType = sourcecode.swift; path = "String+Extensions.swift"; sourceTree = "<group>"; };
		8876B62929256A4F005296E1 /* AgreementViewController.swift */ = {isa = PBXFileReference; lastKnownFileType = sourcecode.swift; path = AgreementViewController.swift; sourceTree = "<group>"; };
		8876B62A29256A4F005296E1 /* AgreementViewController.xib */ = {isa = PBXFileReference; lastKnownFileType = file.xib; path = AgreementViewController.xib; sourceTree = "<group>"; };
		8876B62E292760B9005296E1 /* UserPreference.swift */ = {isa = PBXFileReference; lastKnownFileType = sourcecode.swift; path = UserPreference.swift; sourceTree = "<group>"; };
		8876B6302930747C005296E1 /* ForgotPasswordViewController.swift */ = {isa = PBXFileReference; lastKnownFileType = sourcecode.swift; path = ForgotPasswordViewController.swift; sourceTree = "<group>"; };
		8876B6312930747C005296E1 /* ForgotPasswordViewController.xib */ = {isa = PBXFileReference; lastKnownFileType = file.xib; path = ForgotPasswordViewController.xib; sourceTree = "<group>"; };
		8876B634293074B8005296E1 /* ResetPasswordViewController.swift */ = {isa = PBXFileReference; lastKnownFileType = sourcecode.swift; path = ResetPasswordViewController.swift; sourceTree = "<group>"; };
		8876B635293074B8005296E1 /* ResetPasswordViewController.xib */ = {isa = PBXFileReference; lastKnownFileType = file.xib; path = ResetPasswordViewController.xib; sourceTree = "<group>"; };
		8876B6382934AB7D005296E1 /* Alert.swift */ = {isa = PBXFileReference; lastKnownFileType = sourcecode.swift; path = Alert.swift; sourceTree = "<group>"; };
		8876B63A2938B143005296E1 /* ActivityIndicator.swift */ = {isa = PBXFileReference; lastKnownFileType = sourcecode.swift; path = ActivityIndicator.swift; sourceTree = "<group>"; };
		8876B63C293A6F19005296E1 /* AudiovisualTeachingViewController.swift */ = {isa = PBXFileReference; lastKnownFileType = sourcecode.swift; path = AudiovisualTeachingViewController.swift; sourceTree = "<group>"; };
		8876B63D293A6F19005296E1 /* AudiovisualTeachingViewController.xib */ = {isa = PBXFileReference; lastKnownFileType = file.xib; path = AudiovisualTeachingViewController.xib; sourceTree = "<group>"; };
		88C4D239293D0B4000FB7C67 /* SetUpBloodSugerIndexViewController.swift */ = {isa = PBXFileReference; lastKnownFileType = sourcecode.swift; path = SetUpBloodSugerIndexViewController.swift; sourceTree = "<group>"; };
		88C4D23A293D0B4000FB7C67 /* SetUpBloodSugerIndexViewController.xib */ = {isa = PBXFileReference; lastKnownFileType = file.xib; path = SetUpBloodSugerIndexViewController.xib; sourceTree = "<group>"; };
		88C4D23D293DF08200FB7C67 /* KnowMoreViewController.swift */ = {isa = PBXFileReference; lastKnownFileType = sourcecode.swift; path = KnowMoreViewController.swift; sourceTree = "<group>"; };
		88C4D23E293DF08200FB7C67 /* KnowMoreViewController.xib */ = {isa = PBXFileReference; lastKnownFileType = file.xib; path = KnowMoreViewController.xib; sourceTree = "<group>"; };
		88CDF74528EEC93C00FE16E1 /* Seknova.app */ = {isa = PBXFileReference; explicitFileType = wrapper.application; includeInIndex = 0; path = Seknova.app; sourceTree = BUILT_PRODUCTS_DIR; };
		88CDF74828EEC93C00FE16E1 /* AppDelegate.swift */ = {isa = PBXFileReference; lastKnownFileType = sourcecode.swift; path = AppDelegate.swift; sourceTree = "<group>"; };
		88CDF74A28EEC93C00FE16E1 /* SceneDelegate.swift */ = {isa = PBXFileReference; lastKnownFileType = sourcecode.swift; path = SceneDelegate.swift; sourceTree = "<group>"; };
		88CDF75128EEC93F00FE16E1 /* Assets.xcassets */ = {isa = PBXFileReference; lastKnownFileType = folder.assetcatalog; path = Assets.xcassets; sourceTree = "<group>"; };
		88CDF75428EEC93F00FE16E1 /* Base */ = {isa = PBXFileReference; lastKnownFileType = file.storyboard; name = Base; path = Base.lproj/LaunchScreen.storyboard; sourceTree = "<group>"; };
		88CDF75628EEC93F00FE16E1 /* Info.plist */ = {isa = PBXFileReference; lastKnownFileType = text.plist.xml; path = Info.plist; sourceTree = "<group>"; };
		88CDF75B28EEC93F00FE16E1 /* SeknovaTests.xctest */ = {isa = PBXFileReference; explicitFileType = wrapper.cfbundle; includeInIndex = 0; path = SeknovaTests.xctest; sourceTree = BUILT_PRODUCTS_DIR; };
		88CDF75F28EEC93F00FE16E1 /* SeknovaTests.swift */ = {isa = PBXFileReference; lastKnownFileType = sourcecode.swift; path = SeknovaTests.swift; sourceTree = "<group>"; };
		88CDF76528EEC93F00FE16E1 /* SeknovaUITests.xctest */ = {isa = PBXFileReference; explicitFileType = wrapper.cfbundle; includeInIndex = 0; path = SeknovaUITests.xctest; sourceTree = BUILT_PRODUCTS_DIR; };
		88CDF76928EEC93F00FE16E1 /* SeknovaUITests.swift */ = {isa = PBXFileReference; lastKnownFileType = sourcecode.swift; path = SeknovaUITests.swift; sourceTree = "<group>"; };
		88CDF76B28EEC93F00FE16E1 /* SeknovaUITestsLaunchTests.swift */ = {isa = PBXFileReference; lastKnownFileType = sourcecode.swift; path = SeknovaUITestsLaunchTests.swift; sourceTree = "<group>"; };
		88CDF77B28EEC9EF00FE16E1 /* LoginViewController.swift */ = {isa = PBXFileReference; lastKnownFileType = sourcecode.swift; path = LoginViewController.swift; sourceTree = "<group>"; };
		88CDF77C28EEC9EF00FE16E1 /* LoginViewController.xib */ = {isa = PBXFileReference; lastKnownFileType = file.xib; path = LoginViewController.xib; sourceTree = "<group>"; };
		88CDF77F28FFF64600FE16E1 /* BaseViewController.swift */ = {isa = PBXFileReference; lastKnownFileType = sourcecode.swift; path = BaseViewController.swift; sourceTree = "<group>"; };
		88D874C9294050290048EB41 /* GetPersonalInformationViewController.swift */ = {isa = PBXFileReference; lastKnownFileType = sourcecode.swift; path = GetPersonalInformationViewController.swift; sourceTree = "<group>"; };
		88D874CA294050290048EB41 /* GetPersonalInformationViewController.xib */ = {isa = PBXFileReference; lastKnownFileType = file.xib; path = GetPersonalInformationViewController.xib; sourceTree = "<group>"; };
		88D874CE29405C500048EB41 /* PersonalTextFieldTableViewCell.swift */ = {isa = PBXFileReference; lastKnownFileType = sourcecode.swift; path = PersonalTextFieldTableViewCell.swift; sourceTree = "<group>"; };
		88D874CF29405C500048EB41 /* PersonalTextFieldTableViewCell.xib */ = {isa = PBXFileReference; lastKnownFileType = file.xib; path = PersonalTextFieldTableViewCell.xib; sourceTree = "<group>"; };
		88D874D229405C780048EB41 /* PersonalActionSheetTableViewCell.swift */ = {isa = PBXFileReference; lastKnownFileType = sourcecode.swift; path = PersonalActionSheetTableViewCell.swift; sourceTree = "<group>"; };
		88D874D329405C780048EB41 /* PersonalActionSheetTableViewCell.xib */ = {isa = PBXFileReference; lastKnownFileType = file.xib; path = PersonalActionSheetTableViewCell.xib; sourceTree = "<group>"; };
		88D874D62940717D0048EB41 /* AppDefine.swift */ = {isa = PBXFileReference; lastKnownFileType = sourcecode.swift; path = AppDefine.swift; sourceTree = "<group>"; };
		99CC119FE50D52484C5EED3B /* Pods_Seknova.framework */ = {isa = PBXFileReference; explicitFileType = wrapper.framework; includeInIndex = 0; path = Pods_Seknova.framework; sourceTree = BUILT_PRODUCTS_DIR; };
		B21ECA9B78A9BB57E9BDBC51 /* Pods_SeknovaTests.framework */ = {isa = PBXFileReference; explicitFileType = wrapper.framework; includeInIndex = 0; path = Pods_SeknovaTests.framework; sourceTree = BUILT_PRODUCTS_DIR; };
		C6E22A2722C48D14A71A8B1E /* Pods-Seknova.debug.xcconfig */ = {isa = PBXFileReference; includeInIndex = 1; lastKnownFileType = text.xcconfig; name = "Pods-Seknova.debug.xcconfig"; path = "Target Support Files/Pods-Seknova/Pods-Seknova.debug.xcconfig"; sourceTree = "<group>"; };
		D96F6775D50BCE9996003BDC /* Pods-Seknova-SeknovaUITests.release.xcconfig */ = {isa = PBXFileReference; includeInIndex = 1; lastKnownFileType = text.xcconfig; name = "Pods-Seknova-SeknovaUITests.release.xcconfig"; path = "Target Support Files/Pods-Seknova-SeknovaUITests/Pods-Seknova-SeknovaUITests.release.xcconfig"; sourceTree = "<group>"; };
		F62991C8DD0A188EA7070C0B /* Pods-Seknova.release.xcconfig */ = {isa = PBXFileReference; includeInIndex = 1; lastKnownFileType = text.xcconfig; name = "Pods-Seknova.release.xcconfig"; path = "Target Support Files/Pods-Seknova/Pods-Seknova.release.xcconfig"; sourceTree = "<group>"; };
/* End PBXFileReference section */

/* Begin PBXFrameworksBuildPhase section */
		88CDF74228EEC93C00FE16E1 /* Frameworks */ = {
			isa = PBXFrameworksBuildPhase;
			buildActionMask = 2147483647;
			files = (
				93ED4E4E068F3ED8D195235E /* Pods_Seknova.framework in Frameworks */,
			);
			runOnlyForDeploymentPostprocessing = 0;
		};
		88CDF75828EEC93F00FE16E1 /* Frameworks */ = {
			isa = PBXFrameworksBuildPhase;
			buildActionMask = 2147483647;
			files = (
				DBD659E2F8D7B859B1070887 /* Pods_SeknovaTests.framework in Frameworks */,
			);
			runOnlyForDeploymentPostprocessing = 0;
		};
		88CDF76228EEC93F00FE16E1 /* Frameworks */ = {
			isa = PBXFrameworksBuildPhase;
			buildActionMask = 2147483647;
			files = (
				B77DB71097F54A033F4A6F43 /* Pods_Seknova_SeknovaUITests.framework in Frameworks */,
			);
			runOnlyForDeploymentPostprocessing = 0;
		};
/* End PBXFrameworksBuildPhase section */

/* Begin PBXGroup section */
		8807B2B4294C351C00FEC0B3 /* ScanningTransmitter */ = {
			isa = PBXGroup;
			children = (
				8807B2B9294C434100FEC0B3 /* ScanningTransmitterViewController.swift */,
				8807B2BA294C434100FEC0B3 /* ScanningTransmitterViewController.xib */,
			);
			path = ScanningTransmitter;
			sourceTree = "<group>";
		};
		8876B61E290901F7005296E1 /* Extensions */ = {
			isa = PBXGroup;
			children = (
				8876B61F2909020E005296E1 /* Color+Extensions.swift */,
				8876B621290A6F91005296E1 /* TextField+Extensions.swift */,
				8876B6272921E155005296E1 /* String+Extensions.swift */,
			);
			path = Extensions;
			sourceTree = "<group>";
		};
		8876B640293A6F2D005296E1 /* Login */ = {
			isa = PBXGroup;
			children = (
				88CDF77B28EEC9EF00FE16E1 /* LoginViewController.swift */,
				88CDF77C28EEC9EF00FE16E1 /* LoginViewController.xib */,
			);
			path = Login;
			sourceTree = "<group>";
		};
		8876B641293A6F40005296E1 /* Register */ = {
			isa = PBXGroup;
			children = (
				8876B61A2908702A005296E1 /* RegisterViewController.swift */,
				8876B61B2908702A005296E1 /* RegisterViewController.xib */,
			);
			path = Register;
			sourceTree = "<group>";
		};
		8876B642293A6F61005296E1 /* Verify */ = {
			isa = PBXGroup;
			children = (
				8876B623292162CF005296E1 /* VerifyViewController.swift */,
				8876B624292162CF005296E1 /* VerifyViewController.xib */,
			);
			path = Verify;
			sourceTree = "<group>";
		};
		8876B643293A6F7E005296E1 /* ForgotPassword */ = {
			isa = PBXGroup;
			children = (
				8876B6302930747C005296E1 /* ForgotPasswordViewController.swift */,
				8876B6312930747C005296E1 /* ForgotPasswordViewController.xib */,
			);
			path = ForgotPassword;
			sourceTree = "<group>";
		};
		8876B644293A6FA1005296E1 /* Agreement */ = {
			isa = PBXGroup;
			children = (
				8876B62929256A4F005296E1 /* AgreementViewController.swift */,
				8876B62A29256A4F005296E1 /* AgreementViewController.xib */,
			);
			path = Agreement;
			sourceTree = "<group>";
		};
		8876B645293A6FC5005296E1 /* ResetPassword */ = {
			isa = PBXGroup;
			children = (
				8876B634293074B8005296E1 /* ResetPasswordViewController.swift */,
				8876B635293074B8005296E1 /* ResetPasswordViewController.xib */,
			);
			path = ResetPassword;
			sourceTree = "<group>";
		};
		8876B646293B3E23005296E1 /* AudiovisualTeaching */ = {
			isa = PBXGroup;
			children = (
				8876B63C293A6F19005296E1 /* AudiovisualTeachingViewController.swift */,
				8876B63D293A6F19005296E1 /* AudiovisualTeachingViewController.xib */,
			);
			path = AudiovisualTeaching;
			sourceTree = "<group>";
		};
		88C4D238293D0ACB00FB7C67 /* SetUpBloodSugerIndex */ = {
			isa = PBXGroup;
			children = (
				88C4D239293D0B4000FB7C67 /* SetUpBloodSugerIndexViewController.swift */,
				88C4D23A293D0B4000FB7C67 /* SetUpBloodSugerIndexViewController.xib */,
				88C4D23D293DF08200FB7C67 /* KnowMoreViewController.swift */,
				88C4D23E293DF08200FB7C67 /* KnowMoreViewController.xib */,
			);
			path = SetUpBloodSugerIndex;
			sourceTree = "<group>";
		};
		88CDF73C28EEC93B00FE16E1 = {
			isa = PBXGroup;
			children = (
				88CDF74728EEC93C00FE16E1 /* Seknova */,
				88CDF75E28EEC93F00FE16E1 /* SeknovaTests */,
				88CDF76828EEC93F00FE16E1 /* SeknovaUITests */,
				88CDF74628EEC93C00FE16E1 /* Products */,
				B8D29B7A4B3A2F2B264F6E21 /* Pods */,
				D7AD69DA0776CC65C040FE02 /* Frameworks */,
			);
			sourceTree = "<group>";
		};
		88CDF74628EEC93C00FE16E1 /* Products */ = {
			isa = PBXGroup;
			children = (
				88CDF74528EEC93C00FE16E1 /* Seknova.app */,
				88CDF75B28EEC93F00FE16E1 /* SeknovaTests.xctest */,
				88CDF76528EEC93F00FE16E1 /* SeknovaUITests.xctest */,
			);
			name = Products;
			sourceTree = "<group>";
		};
		88CDF74728EEC93C00FE16E1 /* Seknova */ = {
			isa = PBXGroup;
			children = (
				88CDF77A28EEC99900FE16E1 /* Model */,
				88CDF77928EEC99300FE16E1 /* View */,
				88CDF77828EEC98C00FE16E1 /* Controller */,
				88CDF74828EEC93C00FE16E1 /* AppDelegate.swift */,
				88CDF74A28EEC93C00FE16E1 /* SceneDelegate.swift */,
				88CDF75128EEC93F00FE16E1 /* Assets.xcassets */,
				88CDF75328EEC93F00FE16E1 /* LaunchScreen.storyboard */,
				88CDF75628EEC93F00FE16E1 /* Info.plist */,
			);
			path = Seknova;
			sourceTree = "<group>";
		};
		88CDF75E28EEC93F00FE16E1 /* SeknovaTests */ = {
			isa = PBXGroup;
			children = (
				88CDF75F28EEC93F00FE16E1 /* SeknovaTests.swift */,
			);
			path = SeknovaTests;
			sourceTree = "<group>";
		};
		88CDF76828EEC93F00FE16E1 /* SeknovaUITests */ = {
			isa = PBXGroup;
			children = (
				88CDF76928EEC93F00FE16E1 /* SeknovaUITests.swift */,
				88CDF76B28EEC93F00FE16E1 /* SeknovaUITestsLaunchTests.swift */,
			);
			path = SeknovaUITests;
			sourceTree = "<group>";
		};
		88CDF77828EEC98C00FE16E1 /* Controller */ = {
			isa = PBXGroup;
			children = (
				88CDF77F28FFF64600FE16E1 /* BaseViewController.swift */,
				8876B640293A6F2D005296E1 /* Login */,
				8876B641293A6F40005296E1 /* Register */,
				8876B642293A6F61005296E1 /* Verify */,
				8876B644293A6FA1005296E1 /* Agreement */,
				8876B643293A6F7E005296E1 /* ForgotPassword */,
				8876B645293A6FC5005296E1 /* ResetPassword */,
				8876B646293B3E23005296E1 /* AudiovisualTeaching */,
				88C4D238293D0ACB00FB7C67 /* SetUpBloodSugerIndex */,
				88D874C829404F7B0048EB41 /* GetPersonalInformation */,
				8807B2B4294C351C00FEC0B3 /* ScanningTransmitter */,
			);
			path = Controller;
			sourceTree = "<group>";
		};
		88CDF77928EEC99300FE16E1 /* View */ = {
			isa = PBXGroup;
			children = (
				8876B6382934AB7D005296E1 /* Alert.swift */,
				8876B63A2938B143005296E1 /* ActivityIndicator.swift */,
			);
			path = View;
			sourceTree = "<group>";
		};
		88CDF77A28EEC99900FE16E1 /* Model */ = {
			isa = PBXGroup;
			children = (
				88D874D62940717D0048EB41 /* AppDefine.swift */,
				8807B2B02946C2A100FEC0B3 /* LocalDatabase.swift */,
				8876B62E292760B9005296E1 /* UserPreference.swift */,
				8807B2B2294B2BEE00FEC0B3 /* UserInformationTable.swift */,
				8876B61E290901F7005296E1 /* Extensions */,
			);
			path = Model;
			sourceTree = "<group>";
		};
		88D874C829404F7B0048EB41 /* GetPersonalInformation */ = {
			isa = PBXGroup;
			children = (
				88D874C9294050290048EB41 /* GetPersonalInformationViewController.swift */,
				88D874CA294050290048EB41 /* GetPersonalInformationViewController.xib */,
				88D874CD29405C190048EB41 /* Components */,
			);
			path = GetPersonalInformation;
			sourceTree = "<group>";
		};
		88D874CD29405C190048EB41 /* Components */ = {
			isa = PBXGroup;
			children = (
				88D874CE29405C500048EB41 /* PersonalTextFieldTableViewCell.swift */,
				88D874CF29405C500048EB41 /* PersonalTextFieldTableViewCell.xib */,
				88D874D229405C780048EB41 /* PersonalActionSheetTableViewCell.swift */,
				88D874D329405C780048EB41 /* PersonalActionSheetTableViewCell.xib */,
			);
			path = Components;
			sourceTree = "<group>";
		};
		B8D29B7A4B3A2F2B264F6E21 /* Pods */ = {
			isa = PBXGroup;
			children = (
				C6E22A2722C48D14A71A8B1E /* Pods-Seknova.debug.xcconfig */,
				F62991C8DD0A188EA7070C0B /* Pods-Seknova.release.xcconfig */,
				38E7BCCE58323C7F6BBBFAE7 /* Pods-Seknova-SeknovaUITests.debug.xcconfig */,
				D96F6775D50BCE9996003BDC /* Pods-Seknova-SeknovaUITests.release.xcconfig */,
				3E8FF62A81115EF10FF9C489 /* Pods-SeknovaTests.debug.xcconfig */,
				4480EAAC24CF79B9B851190C /* Pods-SeknovaTests.release.xcconfig */,
			);
			path = Pods;
			sourceTree = "<group>";
		};
		D7AD69DA0776CC65C040FE02 /* Frameworks */ = {
			isa = PBXGroup;
			children = (
				99CC119FE50D52484C5EED3B /* Pods_Seknova.framework */,
				015CF29A02A209AB89D19F16 /* Pods_Seknova_SeknovaUITests.framework */,
				B21ECA9B78A9BB57E9BDBC51 /* Pods_SeknovaTests.framework */,
			);
			name = Frameworks;
			sourceTree = "<group>";
		};
/* End PBXGroup section */

/* Begin PBXNativeTarget section */
		88CDF74428EEC93C00FE16E1 /* Seknova */ = {
			isa = PBXNativeTarget;
			buildConfigurationList = 88CDF76F28EEC93F00FE16E1 /* Build configuration list for PBXNativeTarget "Seknova" */;
			buildPhases = (
				06D8C58C78C19228F5EFFB69 /* [CP] Check Pods Manifest.lock */,
				88CDF74128EEC93C00FE16E1 /* Sources */,
				88CDF74228EEC93C00FE16E1 /* Frameworks */,
				88CDF74328EEC93C00FE16E1 /* Resources */,
				57973950235A517F2D6D0316 /* [CP] Embed Pods Frameworks */,
			);
			buildRules = (
			);
			dependencies = (
			);
			name = Seknova;
			productName = Seknova;
			productReference = 88CDF74528EEC93C00FE16E1 /* Seknova.app */;
			productType = "com.apple.product-type.application";
		};
		88CDF75A28EEC93F00FE16E1 /* SeknovaTests */ = {
			isa = PBXNativeTarget;
			buildConfigurationList = 88CDF77228EEC93F00FE16E1 /* Build configuration list for PBXNativeTarget "SeknovaTests" */;
			buildPhases = (
				6D313406E8F7A79D1870D911 /* [CP] Check Pods Manifest.lock */,
				88CDF75728EEC93F00FE16E1 /* Sources */,
				88CDF75828EEC93F00FE16E1 /* Frameworks */,
				88CDF75928EEC93F00FE16E1 /* Resources */,
			);
			buildRules = (
			);
			dependencies = (
				88CDF75D28EEC93F00FE16E1 /* PBXTargetDependency */,
			);
			name = SeknovaTests;
			productName = SeknovaTests;
			productReference = 88CDF75B28EEC93F00FE16E1 /* SeknovaTests.xctest */;
			productType = "com.apple.product-type.bundle.unit-test";
		};
		88CDF76428EEC93F00FE16E1 /* SeknovaUITests */ = {
			isa = PBXNativeTarget;
			buildConfigurationList = 88CDF77528EEC93F00FE16E1 /* Build configuration list for PBXNativeTarget "SeknovaUITests" */;
			buildPhases = (
				B2616B2B94D444EB9523D9C1 /* [CP] Check Pods Manifest.lock */,
				88CDF76128EEC93F00FE16E1 /* Sources */,
				88CDF76228EEC93F00FE16E1 /* Frameworks */,
				88CDF76328EEC93F00FE16E1 /* Resources */,
				503239C8ECE27AB1EE9665FF /* [CP] Embed Pods Frameworks */,
			);
			buildRules = (
			);
			dependencies = (
				88CDF76728EEC93F00FE16E1 /* PBXTargetDependency */,
			);
			name = SeknovaUITests;
			productName = SeknovaUITests;
			productReference = 88CDF76528EEC93F00FE16E1 /* SeknovaUITests.xctest */;
			productType = "com.apple.product-type.bundle.ui-testing";
		};
/* End PBXNativeTarget section */

/* Begin PBXProject section */
		88CDF73D28EEC93B00FE16E1 /* Project object */ = {
			isa = PBXProject;
			attributes = {
				BuildIndependentTargetsInParallel = 1;
				LastSwiftUpdateCheck = 1400;
				LastUpgradeCheck = 1400;
				TargetAttributes = {
					88CDF74428EEC93C00FE16E1 = {
						CreatedOnToolsVersion = 14.0.1;
					};
					88CDF75A28EEC93F00FE16E1 = {
						CreatedOnToolsVersion = 14.0.1;
						TestTargetID = 88CDF74428EEC93C00FE16E1;
					};
					88CDF76428EEC93F00FE16E1 = {
						CreatedOnToolsVersion = 14.0.1;
						TestTargetID = 88CDF74428EEC93C00FE16E1;
					};
				};
			};
			buildConfigurationList = 88CDF74028EEC93C00FE16E1 /* Build configuration list for PBXProject "Seknova" */;
			compatibilityVersion = "Xcode 13.0";
			developmentRegion = en;
			hasScannedForEncodings = 0;
			knownRegions = (
				en,
				Base,
			);
			mainGroup = 88CDF73C28EEC93B00FE16E1;
			productRefGroup = 88CDF74628EEC93C00FE16E1 /* Products */;
			projectDirPath = "";
			projectRoot = "";
			targets = (
				88CDF74428EEC93C00FE16E1 /* Seknova */,
				88CDF75A28EEC93F00FE16E1 /* SeknovaTests */,
				88CDF76428EEC93F00FE16E1 /* SeknovaUITests */,
			);
		};
/* End PBXProject section */

/* Begin PBXResourcesBuildPhase section */
		88CDF74328EEC93C00FE16E1 /* Resources */ = {
			isa = PBXResourcesBuildPhase;
			buildActionMask = 2147483647;
			files = (
				88CDF77E28EEC9EF00FE16E1 /* LoginViewController.xib in Resources */,
				88C4D240293DF08200FB7C67 /* KnowMoreViewController.xib in Resources */,
				88CDF75528EEC93F00FE16E1 /* LaunchScreen.storyboard in Resources */,
				88D874D129405C500048EB41 /* PersonalTextFieldTableViewCell.xib in Resources */,
				8876B6332930747C005296E1 /* ForgotPasswordViewController.xib in Resources */,
				88CDF75228EEC93F00FE16E1 /* Assets.xcassets in Resources */,
				8876B626292162CF005296E1 /* VerifyViewController.xib in Resources */,
				8876B637293074B8005296E1 /* ResetPasswordViewController.xib in Resources */,
				88D874CC294050290048EB41 /* GetPersonalInformationViewController.xib in Resources */,
				88D874D529405C780048EB41 /* PersonalActionSheetTableViewCell.xib in Resources */,
				8876B63F293A6F19005296E1 /* AudiovisualTeachingViewController.xib in Resources */,
				8807B2BC294C434100FEC0B3 /* ScanningTransmitterViewController.xib in Resources */,
				8876B61D2908702A005296E1 /* RegisterViewController.xib in Resources */,
				8876B62C29256A4F005296E1 /* AgreementViewController.xib in Resources */,
				88C4D23C293D0B4000FB7C67 /* SetUpBloodSugerIndexViewController.xib in Resources */,
			);
			runOnlyForDeploymentPostprocessing = 0;
		};
		88CDF75928EEC93F00FE16E1 /* Resources */ = {
			isa = PBXResourcesBuildPhase;
			buildActionMask = 2147483647;
			files = (
			);
			runOnlyForDeploymentPostprocessing = 0;
		};
		88CDF76328EEC93F00FE16E1 /* Resources */ = {
			isa = PBXResourcesBuildPhase;
			buildActionMask = 2147483647;
			files = (
			);
			runOnlyForDeploymentPostprocessing = 0;
		};
/* End PBXResourcesBuildPhase section */

/* Begin PBXShellScriptBuildPhase section */
		06D8C58C78C19228F5EFFB69 /* [CP] Check Pods Manifest.lock */ = {
			isa = PBXShellScriptBuildPhase;
			buildActionMask = 2147483647;
			files = (
			);
			inputFileListPaths = (
			);
			inputPaths = (
				"${PODS_PODFILE_DIR_PATH}/Podfile.lock",
				"${PODS_ROOT}/Manifest.lock",
			);
			name = "[CP] Check Pods Manifest.lock";
			outputFileListPaths = (
			);
			outputPaths = (
				"$(DERIVED_FILE_DIR)/Pods-Seknova-checkManifestLockResult.txt",
			);
			runOnlyForDeploymentPostprocessing = 0;
			shellPath = /bin/sh;
			shellScript = "diff \"${PODS_PODFILE_DIR_PATH}/Podfile.lock\" \"${PODS_ROOT}/Manifest.lock\" > /dev/null\nif [ $? != 0 ] ; then\n    # print error to STDERR\n    echo \"error: The sandbox is not in sync with the Podfile.lock. Run 'pod install' or update your CocoaPods installation.\" >&2\n    exit 1\nfi\n# This output is used by Xcode 'outputs' to avoid re-running this script phase.\necho \"SUCCESS\" > \"${SCRIPT_OUTPUT_FILE_0}\"\n";
			showEnvVarsInLog = 0;
		};
		503239C8ECE27AB1EE9665FF /* [CP] Embed Pods Frameworks */ = {
			isa = PBXShellScriptBuildPhase;
			buildActionMask = 2147483647;
			files = (
			);
			inputFileListPaths = (
				"${PODS_ROOT}/Target Support Files/Pods-Seknova-SeknovaUITests/Pods-Seknova-SeknovaUITests-frameworks-${CONFIGURATION}-input-files.xcfilelist",
			);
			name = "[CP] Embed Pods Frameworks";
			outputFileListPaths = (
				"${PODS_ROOT}/Target Support Files/Pods-Seknova-SeknovaUITests/Pods-Seknova-SeknovaUITests-frameworks-${CONFIGURATION}-output-files.xcfilelist",
			);
			runOnlyForDeploymentPostprocessing = 0;
			shellPath = /bin/sh;
			shellScript = "\"${PODS_ROOT}/Target Support Files/Pods-Seknova-SeknovaUITests/Pods-Seknova-SeknovaUITests-frameworks.sh\"\n";
			showEnvVarsInLog = 0;
		};
		57973950235A517F2D6D0316 /* [CP] Embed Pods Frameworks */ = {
			isa = PBXShellScriptBuildPhase;
			buildActionMask = 2147483647;
			files = (
			);
			inputFileListPaths = (
				"${PODS_ROOT}/Target Support Files/Pods-Seknova/Pods-Seknova-frameworks-${CONFIGURATION}-input-files.xcfilelist",
			);
			name = "[CP] Embed Pods Frameworks";
			outputFileListPaths = (
				"${PODS_ROOT}/Target Support Files/Pods-Seknova/Pods-Seknova-frameworks-${CONFIGURATION}-output-files.xcfilelist",
			);
			runOnlyForDeploymentPostprocessing = 0;
			shellPath = /bin/sh;
			shellScript = "\"${PODS_ROOT}/Target Support Files/Pods-Seknova/Pods-Seknova-frameworks.sh\"\n";
			showEnvVarsInLog = 0;
		};
		6D313406E8F7A79D1870D911 /* [CP] Check Pods Manifest.lock */ = {
			isa = PBXShellScriptBuildPhase;
			buildActionMask = 2147483647;
			files = (
			);
			inputFileListPaths = (
			);
			inputPaths = (
				"${PODS_PODFILE_DIR_PATH}/Podfile.lock",
				"${PODS_ROOT}/Manifest.lock",
			);
			name = "[CP] Check Pods Manifest.lock";
			outputFileListPaths = (
			);
			outputPaths = (
				"$(DERIVED_FILE_DIR)/Pods-SeknovaTests-checkManifestLockResult.txt",
			);
			runOnlyForDeploymentPostprocessing = 0;
			shellPath = /bin/sh;
			shellScript = "diff \"${PODS_PODFILE_DIR_PATH}/Podfile.lock\" \"${PODS_ROOT}/Manifest.lock\" > /dev/null\nif [ $? != 0 ] ; then\n    # print error to STDERR\n    echo \"error: The sandbox is not in sync with the Podfile.lock. Run 'pod install' or update your CocoaPods installation.\" >&2\n    exit 1\nfi\n# This output is used by Xcode 'outputs' to avoid re-running this script phase.\necho \"SUCCESS\" > \"${SCRIPT_OUTPUT_FILE_0}\"\n";
			showEnvVarsInLog = 0;
		};
		B2616B2B94D444EB9523D9C1 /* [CP] Check Pods Manifest.lock */ = {
			isa = PBXShellScriptBuildPhase;
			buildActionMask = 2147483647;
			files = (
			);
			inputFileListPaths = (
			);
			inputPaths = (
				"${PODS_PODFILE_DIR_PATH}/Podfile.lock",
				"${PODS_ROOT}/Manifest.lock",
			);
			name = "[CP] Check Pods Manifest.lock";
			outputFileListPaths = (
			);
			outputPaths = (
				"$(DERIVED_FILE_DIR)/Pods-Seknova-SeknovaUITests-checkManifestLockResult.txt",
			);
			runOnlyForDeploymentPostprocessing = 0;
			shellPath = /bin/sh;
			shellScript = "diff \"${PODS_PODFILE_DIR_PATH}/Podfile.lock\" \"${PODS_ROOT}/Manifest.lock\" > /dev/null\nif [ $? != 0 ] ; then\n    # print error to STDERR\n    echo \"error: The sandbox is not in sync with the Podfile.lock. Run 'pod install' or update your CocoaPods installation.\" >&2\n    exit 1\nfi\n# This output is used by Xcode 'outputs' to avoid re-running this script phase.\necho \"SUCCESS\" > \"${SCRIPT_OUTPUT_FILE_0}\"\n";
			showEnvVarsInLog = 0;
		};
/* End PBXShellScriptBuildPhase section */

/* Begin PBXSourcesBuildPhase section */
		88CDF74128EEC93C00FE16E1 /* Sources */ = {
			isa = PBXSourcesBuildPhase;
			buildActionMask = 2147483647;
			files = (
				88CDF77D28EEC9EF00FE16E1 /* LoginViewController.swift in Sources */,
				8876B63B2938B144005296E1 /* ActivityIndicator.swift in Sources */,
				8876B625292162CF005296E1 /* VerifyViewController.swift in Sources */,
				88C4D23B293D0B4000FB7C67 /* SetUpBloodSugerIndexViewController.swift in Sources */,
				8876B61C2908702A005296E1 /* RegisterViewController.swift in Sources */,
				88CDF78028FFF64600FE16E1 /* BaseViewController.swift in Sources */,
				8876B62F292760B9005296E1 /* UserPreference.swift in Sources */,
				88D874CB294050290048EB41 /* GetPersonalInformationViewController.swift in Sources */,
				8876B6282921E155005296E1 /* String+Extensions.swift in Sources */,
				8876B6392934AB7D005296E1 /* Alert.swift in Sources */,
				88CDF74928EEC93C00FE16E1 /* AppDelegate.swift in Sources */,
				88C4D23F293DF08200FB7C67 /* KnowMoreViewController.swift in Sources */,
				88CDF74B28EEC93C00FE16E1 /* SceneDelegate.swift in Sources */,
				8807B2B3294B2BEE00FEC0B3 /* UserInformationTable.swift in Sources */,
				8876B63E293A6F19005296E1 /* AudiovisualTeachingViewController.swift in Sources */,
				8876B6322930747C005296E1 /* ForgotPasswordViewController.swift in Sources */,
				88D874D429405C780048EB41 /* PersonalActionSheetTableViewCell.swift in Sources */,
				8876B636293074B8005296E1 /* ResetPasswordViewController.swift in Sources */,
				8807B2BB294C434100FEC0B3 /* ScanningTransmitterViewController.swift in Sources */,
				8876B62B29256A4F005296E1 /* AgreementViewController.swift in Sources */,
				88D874D72940717D0048EB41 /* AppDefine.swift in Sources */,
				8876B6202909020E005296E1 /* Color+Extensions.swift in Sources */,
				8876B622290A6F91005296E1 /* TextField+Extensions.swift in Sources */,
				88D874D029405C500048EB41 /* PersonalTextFieldTableViewCell.swift in Sources */,
				8807B2B12946C2A100FEC0B3 /* LocalDatabase.swift in Sources */,
			);
			runOnlyForDeploymentPostprocessing = 0;
		};
		88CDF75728EEC93F00FE16E1 /* Sources */ = {
			isa = PBXSourcesBuildPhase;
			buildActionMask = 2147483647;
			files = (
				88CDF76028EEC93F00FE16E1 /* SeknovaTests.swift in Sources */,
			);
			runOnlyForDeploymentPostprocessing = 0;
		};
		88CDF76128EEC93F00FE16E1 /* Sources */ = {
			isa = PBXSourcesBuildPhase;
			buildActionMask = 2147483647;
			files = (
				88CDF76C28EEC93F00FE16E1 /* SeknovaUITestsLaunchTests.swift in Sources */,
				88CDF76A28EEC93F00FE16E1 /* SeknovaUITests.swift in Sources */,
			);
			runOnlyForDeploymentPostprocessing = 0;
		};
/* End PBXSourcesBuildPhase section */

/* Begin PBXTargetDependency section */
		88CDF75D28EEC93F00FE16E1 /* PBXTargetDependency */ = {
			isa = PBXTargetDependency;
			target = 88CDF74428EEC93C00FE16E1 /* Seknova */;
			targetProxy = 88CDF75C28EEC93F00FE16E1 /* PBXContainerItemProxy */;
		};
		88CDF76728EEC93F00FE16E1 /* PBXTargetDependency */ = {
			isa = PBXTargetDependency;
			target = 88CDF74428EEC93C00FE16E1 /* Seknova */;
			targetProxy = 88CDF76628EEC93F00FE16E1 /* PBXContainerItemProxy */;
		};
/* End PBXTargetDependency section */

/* Begin PBXVariantGroup section */
		88CDF75328EEC93F00FE16E1 /* LaunchScreen.storyboard */ = {
			isa = PBXVariantGroup;
			children = (
				88CDF75428EEC93F00FE16E1 /* Base */,
			);
			name = LaunchScreen.storyboard;
			sourceTree = "<group>";
		};
/* End PBXVariantGroup section */

/* Begin XCBuildConfiguration section */
		88CDF76D28EEC93F00FE16E1 /* Debug */ = {
			isa = XCBuildConfiguration;
			buildSettings = {
				ALWAYS_SEARCH_USER_PATHS = NO;
				CLANG_ANALYZER_NONNULL = YES;
				CLANG_ANALYZER_NUMBER_OBJECT_CONVERSION = YES_AGGRESSIVE;
				CLANG_CXX_LANGUAGE_STANDARD = "gnu++20";
				CLANG_ENABLE_MODULES = YES;
				CLANG_ENABLE_OBJC_ARC = YES;
				CLANG_ENABLE_OBJC_WEAK = YES;
				CLANG_WARN_BLOCK_CAPTURE_AUTORELEASING = YES;
				CLANG_WARN_BOOL_CONVERSION = YES;
				CLANG_WARN_COMMA = YES;
				CLANG_WARN_CONSTANT_CONVERSION = YES;
				CLANG_WARN_DEPRECATED_OBJC_IMPLEMENTATIONS = YES;
				CLANG_WARN_DIRECT_OBJC_ISA_USAGE = YES_ERROR;
				CLANG_WARN_DOCUMENTATION_COMMENTS = YES;
				CLANG_WARN_EMPTY_BODY = YES;
				CLANG_WARN_ENUM_CONVERSION = YES;
				CLANG_WARN_INFINITE_RECURSION = YES;
				CLANG_WARN_INT_CONVERSION = YES;
				CLANG_WARN_NON_LITERAL_NULL_CONVERSION = YES;
				CLANG_WARN_OBJC_IMPLICIT_RETAIN_SELF = YES;
				CLANG_WARN_OBJC_LITERAL_CONVERSION = YES;
				CLANG_WARN_OBJC_ROOT_CLASS = YES_ERROR;
				CLANG_WARN_QUOTED_INCLUDE_IN_FRAMEWORK_HEADER = YES;
				CLANG_WARN_RANGE_LOOP_ANALYSIS = YES;
				CLANG_WARN_STRICT_PROTOTYPES = YES;
				CLANG_WARN_SUSPICIOUS_MOVE = YES;
				CLANG_WARN_UNGUARDED_AVAILABILITY = YES_AGGRESSIVE;
				CLANG_WARN_UNREACHABLE_CODE = YES;
				CLANG_WARN__DUPLICATE_METHOD_MATCH = YES;
				COPY_PHASE_STRIP = NO;
				DEBUG_INFORMATION_FORMAT = dwarf;
				ENABLE_STRICT_OBJC_MSGSEND = YES;
				ENABLE_TESTABILITY = YES;
				GCC_C_LANGUAGE_STANDARD = gnu11;
				GCC_DYNAMIC_NO_PIC = NO;
				GCC_NO_COMMON_BLOCKS = YES;
				GCC_OPTIMIZATION_LEVEL = 0;
				GCC_PREPROCESSOR_DEFINITIONS = (
					"DEBUG=1",
					"$(inherited)",
				);
				GCC_WARN_64_TO_32_BIT_CONVERSION = YES;
				GCC_WARN_ABOUT_RETURN_TYPE = YES_ERROR;
				GCC_WARN_UNDECLARED_SELECTOR = YES;
				GCC_WARN_UNINITIALIZED_AUTOS = YES_AGGRESSIVE;
				GCC_WARN_UNUSED_FUNCTION = YES;
				GCC_WARN_UNUSED_VARIABLE = YES;
				IPHONEOS_DEPLOYMENT_TARGET = 16.0;
				MTL_ENABLE_DEBUG_INFO = INCLUDE_SOURCE;
				MTL_FAST_MATH = YES;
				ONLY_ACTIVE_ARCH = YES;
				SDKROOT = iphoneos;
				SWIFT_ACTIVE_COMPILATION_CONDITIONS = DEBUG;
				SWIFT_OPTIMIZATION_LEVEL = "-Onone";
			};
			name = Debug;
		};
		88CDF76E28EEC93F00FE16E1 /* Release */ = {
			isa = XCBuildConfiguration;
			buildSettings = {
				ALWAYS_SEARCH_USER_PATHS = NO;
				CLANG_ANALYZER_NONNULL = YES;
				CLANG_ANALYZER_NUMBER_OBJECT_CONVERSION = YES_AGGRESSIVE;
				CLANG_CXX_LANGUAGE_STANDARD = "gnu++20";
				CLANG_ENABLE_MODULES = YES;
				CLANG_ENABLE_OBJC_ARC = YES;
				CLANG_ENABLE_OBJC_WEAK = YES;
				CLANG_WARN_BLOCK_CAPTURE_AUTORELEASING = YES;
				CLANG_WARN_BOOL_CONVERSION = YES;
				CLANG_WARN_COMMA = YES;
				CLANG_WARN_CONSTANT_CONVERSION = YES;
				CLANG_WARN_DEPRECATED_OBJC_IMPLEMENTATIONS = YES;
				CLANG_WARN_DIRECT_OBJC_ISA_USAGE = YES_ERROR;
				CLANG_WARN_DOCUMENTATION_COMMENTS = YES;
				CLANG_WARN_EMPTY_BODY = YES;
				CLANG_WARN_ENUM_CONVERSION = YES;
				CLANG_WARN_INFINITE_RECURSION = YES;
				CLANG_WARN_INT_CONVERSION = YES;
				CLANG_WARN_NON_LITERAL_NULL_CONVERSION = YES;
				CLANG_WARN_OBJC_IMPLICIT_RETAIN_SELF = YES;
				CLANG_WARN_OBJC_LITERAL_CONVERSION = YES;
				CLANG_WARN_OBJC_ROOT_CLASS = YES_ERROR;
				CLANG_WARN_QUOTED_INCLUDE_IN_FRAMEWORK_HEADER = YES;
				CLANG_WARN_RANGE_LOOP_ANALYSIS = YES;
				CLANG_WARN_STRICT_PROTOTYPES = YES;
				CLANG_WARN_SUSPICIOUS_MOVE = YES;
				CLANG_WARN_UNGUARDED_AVAILABILITY = YES_AGGRESSIVE;
				CLANG_WARN_UNREACHABLE_CODE = YES;
				CLANG_WARN__DUPLICATE_METHOD_MATCH = YES;
				COPY_PHASE_STRIP = NO;
				DEBUG_INFORMATION_FORMAT = "dwarf-with-dsym";
				ENABLE_NS_ASSERTIONS = NO;
				ENABLE_STRICT_OBJC_MSGSEND = YES;
				GCC_C_LANGUAGE_STANDARD = gnu11;
				GCC_NO_COMMON_BLOCKS = YES;
				GCC_WARN_64_TO_32_BIT_CONVERSION = YES;
				GCC_WARN_ABOUT_RETURN_TYPE = YES_ERROR;
				GCC_WARN_UNDECLARED_SELECTOR = YES;
				GCC_WARN_UNINITIALIZED_AUTOS = YES_AGGRESSIVE;
				GCC_WARN_UNUSED_FUNCTION = YES;
				GCC_WARN_UNUSED_VARIABLE = YES;
				IPHONEOS_DEPLOYMENT_TARGET = 16.0;
				MTL_ENABLE_DEBUG_INFO = NO;
				MTL_FAST_MATH = YES;
				SDKROOT = iphoneos;
				SWIFT_COMPILATION_MODE = wholemodule;
				SWIFT_OPTIMIZATION_LEVEL = "-O";
				VALIDATE_PRODUCT = YES;
			};
			name = Release;
		};
		88CDF77028EEC93F00FE16E1 /* Debug */ = {
			isa = XCBuildConfiguration;
			baseConfigurationReference = C6E22A2722C48D14A71A8B1E /* Pods-Seknova.debug.xcconfig */;
			buildSettings = {
				ASSETCATALOG_COMPILER_APPICON_NAME = AppIcon;
				ASSETCATALOG_COMPILER_GLOBAL_ACCENT_COLOR_NAME = AccentColor;
				CODE_SIGN_STYLE = Automatic;
				CURRENT_PROJECT_VERSION = 1;
				DEVELOPMENT_TEAM = S8FBP4YLUA;
				GENERATE_INFOPLIST_FILE = YES;
				INFOPLIST_FILE = Seknova/Info.plist;
				INFOPLIST_KEY_UIApplicationSupportsIndirectInputEvents = YES;
				INFOPLIST_KEY_UILaunchStoryboardName = LaunchScreen;
				INFOPLIST_KEY_UIMainStoryboardFile = "";
				INFOPLIST_KEY_UISupportedInterfaceOrientations_iPad = "UIInterfaceOrientationPortrait UIInterfaceOrientationPortraitUpsideDown UIInterfaceOrientationLandscapeLeft UIInterfaceOrientationLandscapeRight";
				INFOPLIST_KEY_UISupportedInterfaceOrientations_iPhone = "UIInterfaceOrientationPortrait UIInterfaceOrientationLandscapeLeft UIInterfaceOrientationLandscapeRight";
				IPHONEOS_DEPLOYMENT_TARGET = 15.0;
				LD_RUNPATH_SEARCH_PATHS = (
					"$(inherited)",
					"@executable_path/Frameworks",
				);
				MARKETING_VERSION = 1.0;
				PRODUCT_BUNDLE_IDENTIFIER = com.Darcy.Seknova;
				PRODUCT_NAME = "$(TARGET_NAME)";
				SWIFT_EMIT_LOC_STRINGS = YES;
				SWIFT_VERSION = 5.0;
				TARGETED_DEVICE_FAMILY = "1,2";
			};
			name = Debug;
		};
		88CDF77128EEC93F00FE16E1 /* Release */ = {
			isa = XCBuildConfiguration;
			baseConfigurationReference = F62991C8DD0A188EA7070C0B /* Pods-Seknova.release.xcconfig */;
			buildSettings = {
				ASSETCATALOG_COMPILER_APPICON_NAME = AppIcon;
				ASSETCATALOG_COMPILER_GLOBAL_ACCENT_COLOR_NAME = AccentColor;
				CODE_SIGN_STYLE = Automatic;
				CURRENT_PROJECT_VERSION = 1;
				DEVELOPMENT_TEAM = S8FBP4YLUA;
				GENERATE_INFOPLIST_FILE = YES;
				INFOPLIST_FILE = Seknova/Info.plist;
				INFOPLIST_KEY_UIApplicationSupportsIndirectInputEvents = YES;
				INFOPLIST_KEY_UILaunchStoryboardName = LaunchScreen;
				INFOPLIST_KEY_UIMainStoryboardFile = "";
				INFOPLIST_KEY_UISupportedInterfaceOrientations_iPad = "UIInterfaceOrientationPortrait UIInterfaceOrientationPortraitUpsideDown UIInterfaceOrientationLandscapeLeft UIInterfaceOrientationLandscapeRight";
				INFOPLIST_KEY_UISupportedInterfaceOrientations_iPhone = "UIInterfaceOrientationPortrait UIInterfaceOrientationLandscapeLeft UIInterfaceOrientationLandscapeRight";
				IPHONEOS_DEPLOYMENT_TARGET = 15.0;
				LD_RUNPATH_SEARCH_PATHS = (
					"$(inherited)",
					"@executable_path/Frameworks",
				);
				MARKETING_VERSION = 1.0;
				PRODUCT_BUNDLE_IDENTIFIER = com.Darcy.Seknova;
				PRODUCT_NAME = "$(TARGET_NAME)";
				SWIFT_EMIT_LOC_STRINGS = YES;
				SWIFT_VERSION = 5.0;
				TARGETED_DEVICE_FAMILY = "1,2";
			};
			name = Release;
		};
		88CDF77328EEC93F00FE16E1 /* Debug */ = {
			isa = XCBuildConfiguration;
			baseConfigurationReference = 3E8FF62A81115EF10FF9C489 /* Pods-SeknovaTests.debug.xcconfig */;
			buildSettings = {
				ALWAYS_EMBED_SWIFT_STANDARD_LIBRARIES = YES;
				BUNDLE_LOADER = "$(TEST_HOST)";
				CODE_SIGN_STYLE = Automatic;
				CURRENT_PROJECT_VERSION = 1;
				DEVELOPMENT_TEAM = S8FBP4YLUA;
				GENERATE_INFOPLIST_FILE = YES;
				IPHONEOS_DEPLOYMENT_TARGET = 16.0;
				MARKETING_VERSION = 1.0;
				PRODUCT_BUNDLE_IDENTIFIER = com.Darcy.SeknovaTests;
				PRODUCT_NAME = "$(TARGET_NAME)";
				SWIFT_EMIT_LOC_STRINGS = NO;
				SWIFT_VERSION = 5.0;
				TARGETED_DEVICE_FAMILY = "1,2";
				TEST_HOST = "$(BUILT_PRODUCTS_DIR)/Seknova.app/$(BUNDLE_EXECUTABLE_FOLDER_PATH)/Seknova";
			};
			name = Debug;
		};
		88CDF77428EEC93F00FE16E1 /* Release */ = {
			isa = XCBuildConfiguration;
			baseConfigurationReference = 4480EAAC24CF79B9B851190C /* Pods-SeknovaTests.release.xcconfig */;
			buildSettings = {
				ALWAYS_EMBED_SWIFT_STANDARD_LIBRARIES = YES;
				BUNDLE_LOADER = "$(TEST_HOST)";
				CODE_SIGN_STYLE = Automatic;
				CURRENT_PROJECT_VERSION = 1;
				DEVELOPMENT_TEAM = S8FBP4YLUA;
				GENERATE_INFOPLIST_FILE = YES;
				IPHONEOS_DEPLOYMENT_TARGET = 16.0;
				MARKETING_VERSION = 1.0;
				PRODUCT_BUNDLE_IDENTIFIER = com.Darcy.SeknovaTests;
				PRODUCT_NAME = "$(TARGET_NAME)";
				SWIFT_EMIT_LOC_STRINGS = NO;
				SWIFT_VERSION = 5.0;
				TARGETED_DEVICE_FAMILY = "1,2";
				TEST_HOST = "$(BUILT_PRODUCTS_DIR)/Seknova.app/$(BUNDLE_EXECUTABLE_FOLDER_PATH)/Seknova";
			};
			name = Release;
		};
		88CDF77628EEC93F00FE16E1 /* Debug */ = {
			isa = XCBuildConfiguration;
			baseConfigurationReference = 38E7BCCE58323C7F6BBBFAE7 /* Pods-Seknova-SeknovaUITests.debug.xcconfig */;
			buildSettings = {
				ALWAYS_EMBED_SWIFT_STANDARD_LIBRARIES = YES;
				CODE_SIGN_STYLE = Automatic;
				CURRENT_PROJECT_VERSION = 1;
				DEVELOPMENT_TEAM = S8FBP4YLUA;
				GENERATE_INFOPLIST_FILE = YES;
				MARKETING_VERSION = 1.0;
				PRODUCT_BUNDLE_IDENTIFIER = com.Darcy.SeknovaUITests;
				PRODUCT_NAME = "$(TARGET_NAME)";
				SWIFT_EMIT_LOC_STRINGS = NO;
				SWIFT_VERSION = 5.0;
				TARGETED_DEVICE_FAMILY = "1,2";
				TEST_TARGET_NAME = Seknova;
			};
			name = Debug;
		};
		88CDF77728EEC93F00FE16E1 /* Release */ = {
			isa = XCBuildConfiguration;
			baseConfigurationReference = D96F6775D50BCE9996003BDC /* Pods-Seknova-SeknovaUITests.release.xcconfig */;
			buildSettings = {
				ALWAYS_EMBED_SWIFT_STANDARD_LIBRARIES = YES;
				CODE_SIGN_STYLE = Automatic;
				CURRENT_PROJECT_VERSION = 1;
				DEVELOPMENT_TEAM = S8FBP4YLUA;
				GENERATE_INFOPLIST_FILE = YES;
				MARKETING_VERSION = 1.0;
				PRODUCT_BUNDLE_IDENTIFIER = com.Darcy.SeknovaUITests;
				PRODUCT_NAME = "$(TARGET_NAME)";
				SWIFT_EMIT_LOC_STRINGS = NO;
				SWIFT_VERSION = 5.0;
				TARGETED_DEVICE_FAMILY = "1,2";
				TEST_TARGET_NAME = Seknova;
			};
			name = Release;
		};
/* End XCBuildConfiguration section */

/* Begin XCConfigurationList section */
		88CDF74028EEC93C00FE16E1 /* Build configuration list for PBXProject "Seknova" */ = {
			isa = XCConfigurationList;
			buildConfigurations = (
				88CDF76D28EEC93F00FE16E1 /* Debug */,
				88CDF76E28EEC93F00FE16E1 /* Release */,
			);
			defaultConfigurationIsVisible = 0;
			defaultConfigurationName = Release;
		};
		88CDF76F28EEC93F00FE16E1 /* Build configuration list for PBXNativeTarget "Seknova" */ = {
			isa = XCConfigurationList;
			buildConfigurations = (
				88CDF77028EEC93F00FE16E1 /* Debug */,
				88CDF77128EEC93F00FE16E1 /* Release */,
			);
			defaultConfigurationIsVisible = 0;
			defaultConfigurationName = Release;
		};
		88CDF77228EEC93F00FE16E1 /* Build configuration list for PBXNativeTarget "SeknovaTests" */ = {
			isa = XCConfigurationList;
			buildConfigurations = (
				88CDF77328EEC93F00FE16E1 /* Debug */,
				88CDF77428EEC93F00FE16E1 /* Release */,
			);
			defaultConfigurationIsVisible = 0;
			defaultConfigurationName = Release;
		};
		88CDF77528EEC93F00FE16E1 /* Build configuration list for PBXNativeTarget "SeknovaUITests" */ = {
			isa = XCConfigurationList;
			buildConfigurations = (
				88CDF77628EEC93F00FE16E1 /* Debug */,
				88CDF77728EEC93F00FE16E1 /* Release */,
			);
			defaultConfigurationIsVisible = 0;
			defaultConfigurationName = Release;
		};
/* End XCConfigurationList section */
	};
	rootObject = 88CDF73D28EEC93B00FE16E1 /* Project object */;
}
